// !$*UTF8*$!
{
	archiveVersion = 1;
	classes = {
	};
	objectVersion = 50;
	objects = {

/* Begin PBXBuildFile section */
		1DA3ADEB26C46E3C00A6EC56 /* FDTestableLib.framework in Frameworks */ = {isa = PBXBuildFile; fileRef = 1DA3ADE126C46E3B00A6EC56 /* FDTestableLib.framework */; };
		1DA3ADF026C46E3C00A6EC56 /* FDTestableLibTests.swift in Sources */ = {isa = PBXBuildFile; fileRef = 1DA3ADEF26C46E3C00A6EC56 /* FDTestableLibTests.swift */; };
		1DA3ADF226C46E3C00A6EC56 /* FDTestableLib.h in Headers */ = {isa = PBXBuildFile; fileRef = 1DA3ADE426C46E3B00A6EC56 /* FDTestableLib.h */; settings = {ATTRIBUTES = (Public, ); }; };
		1DA3AE0226C46E9400A6EC56 /* AppDelegate.swift in Sources */ = {isa = PBXBuildFile; fileRef = 1DA3AE0126C46E9400A6EC56 /* AppDelegate.swift */; };
		1DA3AE0426C46E9400A6EC56 /* SceneDelegate.swift in Sources */ = {isa = PBXBuildFile; fileRef = 1DA3AE0326C46E9400A6EC56 /* SceneDelegate.swift */; };
		1DA3AE0626C46E9400A6EC56 /* ViewController.swift in Sources */ = {isa = PBXBuildFile; fileRef = 1DA3AE0526C46E9400A6EC56 /* ViewController.swift */; };
		1DA3AE0926C46E9400A6EC56 /* Main.storyboard in Resources */ = {isa = PBXBuildFile; fileRef = 1DA3AE0726C46E9400A6EC56 /* Main.storyboard */; };
		1DA3AE0B26C46E9A00A6EC56 /* Assets.xcassets in Resources */ = {isa = PBXBuildFile; fileRef = 1DA3AE0A26C46E9A00A6EC56 /* Assets.xcassets */; };
		1DA3AE0E26C46E9A00A6EC56 /* LaunchScreen.storyboard in Resources */ = {isa = PBXBuildFile; fileRef = 1DA3AE0C26C46E9A00A6EC56 /* LaunchScreen.storyboard */; };
		1DA3AE1426C475F800A6EC56 /* TestableAPI.swift in Sources */ = {isa = PBXBuildFile; fileRef = 1DA3AE1326C475F800A6EC56 /* TestableAPI.swift */; };
/* End PBXBuildFile section */

/* Begin PBXContainerItemProxy section */
		1DA3ADEC26C46E3C00A6EC56 /* PBXContainerItemProxy */ = {
			isa = PBXContainerItemProxy;
			containerPortal = 1DA3ADD826C46E3B00A6EC56 /* Project object */;
			proxyType = 1;
			remoteGlobalIDString = 1DA3ADE026C46E3B00A6EC56;
			remoteInfo = FDTestableLib;
		};
/* End PBXContainerItemProxy section */

/* Begin PBXFileReference section */
		1DA3ADE126C46E3B00A6EC56 /* FDTestableLib.framework */ = {isa = PBXFileReference; explicitFileType = wrapper.framework; includeInIndex = 0; path = FDTestableLib.framework; sourceTree = BUILT_PRODUCTS_DIR; };
		1DA3ADE426C46E3B00A6EC56 /* FDTestableLib.h */ = {isa = PBXFileReference; lastKnownFileType = sourcecode.c.h; path = FDTestableLib.h; sourceTree = "<group>"; };
		1DA3ADE526C46E3B00A6EC56 /* Info.plist */ = {isa = PBXFileReference; lastKnownFileType = text.plist.xml; path = Info.plist; sourceTree = "<group>"; };
		1DA3ADEA26C46E3C00A6EC56 /* FDTestableLibTests.xctest */ = {isa = PBXFileReference; explicitFileType = wrapper.cfbundle; includeInIndex = 0; path = FDTestableLibTests.xctest; sourceTree = BUILT_PRODUCTS_DIR; };
		1DA3ADEF26C46E3C00A6EC56 /* FDTestableLibTests.swift */ = {isa = PBXFileReference; lastKnownFileType = sourcecode.swift; path = FDTestableLibTests.swift; sourceTree = "<group>"; };
		1DA3ADF126C46E3C00A6EC56 /* Info.plist */ = {isa = PBXFileReference; lastKnownFileType = text.plist.xml; path = Info.plist; sourceTree = "<group>"; };
		1DA3ADFF26C46E9400A6EC56 /* FDTestableLibExamples.app */ = {isa = PBXFileReference; explicitFileType = wrapper.application; includeInIndex = 0; path = FDTestableLibExamples.app; sourceTree = BUILT_PRODUCTS_DIR; };
		1DA3AE0126C46E9400A6EC56 /* AppDelegate.swift */ = {isa = PBXFileReference; lastKnownFileType = sourcecode.swift; path = AppDelegate.swift; sourceTree = "<group>"; };
		1DA3AE0326C46E9400A6EC56 /* SceneDelegate.swift */ = {isa = PBXFileReference; lastKnownFileType = sourcecode.swift; path = SceneDelegate.swift; sourceTree = "<group>"; };
		1DA3AE0526C46E9400A6EC56 /* ViewController.swift */ = {isa = PBXFileReference; lastKnownFileType = sourcecode.swift; path = ViewController.swift; sourceTree = "<group>"; };
		1DA3AE0826C46E9400A6EC56 /* Base */ = {isa = PBXFileReference; lastKnownFileType = file.storyboard; name = Base; path = Base.lproj/Main.storyboard; sourceTree = "<group>"; };
		1DA3AE0A26C46E9A00A6EC56 /* Assets.xcassets */ = {isa = PBXFileReference; lastKnownFileType = folder.assetcatalog; path = Assets.xcassets; sourceTree = "<group>"; };
		1DA3AE0D26C46E9A00A6EC56 /* Base */ = {isa = PBXFileReference; lastKnownFileType = file.storyboard; name = Base; path = Base.lproj/LaunchScreen.storyboard; sourceTree = "<group>"; };
		1DA3AE0F26C46E9A00A6EC56 /* Info.plist */ = {isa = PBXFileReference; lastKnownFileType = text.plist.xml; path = Info.plist; sourceTree = "<group>"; };
		1DA3AE1326C475F800A6EC56 /* TestableAPI.swift */ = {isa = PBXFileReference; lastKnownFileType = sourcecode.swift; path = TestableAPI.swift; sourceTree = "<group>"; };
/* End PBXFileReference section */

/* Begin PBXFrameworksBuildPhase section */
		1DA3ADDE26C46E3B00A6EC56 /* Frameworks */ = {
			isa = PBXFrameworksBuildPhase;
			buildActionMask = 2147483647;
			files = (
			);
			runOnlyForDeploymentPostprocessing = 0;
		};
		1DA3ADE726C46E3C00A6EC56 /* Frameworks */ = {
			isa = PBXFrameworksBuildPhase;
			buildActionMask = 2147483647;
			files = (
				1DA3ADEB26C46E3C00A6EC56 /* FDTestableLib.framework in Frameworks */,
			);
			runOnlyForDeploymentPostprocessing = 0;
		};
		1DA3ADFC26C46E9400A6EC56 /* Frameworks */ = {
			isa = PBXFrameworksBuildPhase;
			buildActionMask = 2147483647;
			files = (
			);
			runOnlyForDeploymentPostprocessing = 0;
		};
/* End PBXFrameworksBuildPhase section */

/* Begin PBXGroup section */
		1DA3ADD726C46E3B00A6EC56 = {
			isa = PBXGroup;
			children = (
				1DA3ADE326C46E3B00A6EC56 /* FDTestableLib */,
				1DA3ADEE26C46E3C00A6EC56 /* FDTestableLibTests */,
				1DA3AE0026C46E9400A6EC56 /* FDTestableLibExamples */,
				1DA3ADE226C46E3B00A6EC56 /* Products */,
			);
			sourceTree = "<group>";
		};
		1DA3ADE226C46E3B00A6EC56 /* Products */ = {
			isa = PBXGroup;
			children = (
				1DA3ADE126C46E3B00A6EC56 /* FDTestableLib.framework */,
				1DA3ADEA26C46E3C00A6EC56 /* FDTestableLibTests.xctest */,
				1DA3ADFF26C46E9400A6EC56 /* FDTestableLibExamples.app */,
			);
			name = Products;
			sourceTree = "<group>";
		};
		1DA3ADE326C46E3B00A6EC56 /* FDTestableLib */ = {
			isa = PBXGroup;
			children = (
				1DA3ADE426C46E3B00A6EC56 /* FDTestableLib.h */,
				1DA3ADE526C46E3B00A6EC56 /* Info.plist */,
				1DA3AE1326C475F800A6EC56 /* TestableAPI.swift */,
			);
			path = FDTestableLib;
			sourceTree = "<group>";
		};
		1DA3ADEE26C46E3C00A6EC56 /* FDTestableLibTests */ = {
			isa = PBXGroup;
			children = (
				1DA3ADEF26C46E3C00A6EC56 /* FDTestableLibTests.swift */,
				1DA3ADF126C46E3C00A6EC56 /* Info.plist */,
			);
			path = FDTestableLibTests;
			sourceTree = "<group>";
		};
		1DA3AE0026C46E9400A6EC56 /* FDTestableLibExamples */ = {
			isa = PBXGroup;
			children = (
				1DA3AE0126C46E9400A6EC56 /* AppDelegate.swift */,
				1DA3AE0326C46E9400A6EC56 /* SceneDelegate.swift */,
				1DA3AE0526C46E9400A6EC56 /* ViewController.swift */,
				1DA3AE0726C46E9400A6EC56 /* Main.storyboard */,
				1DA3AE0A26C46E9A00A6EC56 /* Assets.xcassets */,
				1DA3AE0C26C46E9A00A6EC56 /* LaunchScreen.storyboard */,
				1DA3AE0F26C46E9A00A6EC56 /* Info.plist */,
			);
			path = FDTestableLibExamples;
			sourceTree = "<group>";
		};
/* End PBXGroup section */

/* Begin PBXHeadersBuildPhase section */
		1DA3ADDC26C46E3B00A6EC56 /* Headers */ = {
			isa = PBXHeadersBuildPhase;
			buildActionMask = 2147483647;
			files = (
				1DA3ADF226C46E3C00A6EC56 /* FDTestableLib.h in Headers */,
			);
			runOnlyForDeploymentPostprocessing = 0;
		};
/* End PBXHeadersBuildPhase section */

/* Begin PBXNativeTarget section */
		1DA3ADE026C46E3B00A6EC56 /* FDTestableLib */ = {
			isa = PBXNativeTarget;
			buildConfigurationList = 1DA3ADF526C46E3C00A6EC56 /* Build configuration list for PBXNativeTarget "FDTestableLib" */;
			buildPhases = (
				1DA3ADDC26C46E3B00A6EC56 /* Headers */,
				1DA3ADDD26C46E3B00A6EC56 /* Sources */,
				1DA3ADDE26C46E3B00A6EC56 /* Frameworks */,
				1DA3ADDF26C46E3B00A6EC56 /* Resources */,
			);
			buildRules = (
			);
			dependencies = (
			);
			name = FDTestableLib;
			productName = FDTestableLib;
			productReference = 1DA3ADE126C46E3B00A6EC56 /* FDTestableLib.framework */;
			productType = "com.apple.product-type.framework";
		};
		1DA3ADE926C46E3C00A6EC56 /* FDTestableLibTests */ = {
			isa = PBXNativeTarget;
			buildConfigurationList = 1DA3ADF826C46E3C00A6EC56 /* Build configuration list for PBXNativeTarget "FDTestableLibTests" */;
			buildPhases = (
				1DA3ADE626C46E3C00A6EC56 /* Sources */,
				1DA3ADE726C46E3C00A6EC56 /* Frameworks */,
				1DA3ADE826C46E3C00A6EC56 /* Resources */,
			);
			buildRules = (
			);
			dependencies = (
				1DA3ADED26C46E3C00A6EC56 /* PBXTargetDependency */,
			);
			name = FDTestableLibTests;
			productName = FDTestableLibTests;
			productReference = 1DA3ADEA26C46E3C00A6EC56 /* FDTestableLibTests.xctest */;
			productType = "com.apple.product-type.bundle.unit-test";
		};
		1DA3ADFE26C46E9400A6EC56 /* FDTestableLibExamples */ = {
			isa = PBXNativeTarget;
			buildConfigurationList = 1DA3AE1026C46E9A00A6EC56 /* Build configuration list for PBXNativeTarget "FDTestableLibExamples" */;
			buildPhases = (
				1DA3ADFB26C46E9400A6EC56 /* Sources */,
				1DA3ADFC26C46E9400A6EC56 /* Frameworks */,
				1DA3ADFD26C46E9400A6EC56 /* Resources */,
			);
			buildRules = (
			);
			dependencies = (
			);
			name = FDTestableLibExamples;
			productName = FDTestableLibExamples;
			productReference = 1DA3ADFF26C46E9400A6EC56 /* FDTestableLibExamples.app */;
			productType = "com.apple.product-type.application";
		};
/* End PBXNativeTarget section */

/* Begin PBXProject section */
		1DA3ADD826C46E3B00A6EC56 /* Project object */ = {
			isa = PBXProject;
			attributes = {
				LastSwiftUpdateCheck = 1160;
				LastUpgradeCheck = 1160;
				ORGANIZATIONNAME = CATWALK;
				TargetAttributes = {
					1DA3ADE026C46E3B00A6EC56 = {
						CreatedOnToolsVersion = 11.6;
						LastSwiftMigration = 1160;
					};
					1DA3ADE926C46E3C00A6EC56 = {
						CreatedOnToolsVersion = 11.6;
					};
					1DA3ADFE26C46E9400A6EC56 = {
						CreatedOnToolsVersion = 11.6;
					};
				};
			};
			buildConfigurationList = 1DA3ADDB26C46E3B00A6EC56 /* Build configuration list for PBXProject "FDTestableLib" */;
			compatibilityVersion = "Xcode 9.3";
			developmentRegion = en;
			hasScannedForEncodings = 0;
			knownRegions = (
				en,
				Base,
			);
			mainGroup = 1DA3ADD726C46E3B00A6EC56;
			productRefGroup = 1DA3ADE226C46E3B00A6EC56 /* Products */;
			projectDirPath = "";
			projectRoot = "";
			targets = (
				1DA3ADE026C46E3B00A6EC56 /* FDTestableLib */,
				1DA3ADE926C46E3C00A6EC56 /* FDTestableLibTests */,
				1DA3ADFE26C46E9400A6EC56 /* FDTestableLibExamples */,
			);
		};
/* End PBXProject section */

/* Begin PBXResourcesBuildPhase section */
		1DA3ADDF26C46E3B00A6EC56 /* Resources */ = {
			isa = PBXResourcesBuildPhase;
			buildActionMask = 2147483647;
			files = (
			);
			runOnlyForDeploymentPostprocessing = 0;
		};
		1DA3ADE826C46E3C00A6EC56 /* Resources */ = {
			isa = PBXResourcesBuildPhase;
			buildActionMask = 2147483647;
			files = (
			);
			runOnlyForDeploymentPostprocessing = 0;
		};
		1DA3ADFD26C46E9400A6EC56 /* Resources */ = {
			isa = PBXResourcesBuildPhase;
			buildActionMask = 2147483647;
			files = (
				1DA3AE0E26C46E9A00A6EC56 /* LaunchScreen.storyboard in Resources */,
				1DA3AE0B26C46E9A00A6EC56 /* Assets.xcassets in Resources */,
				1DA3AE0926C46E9400A6EC56 /* Main.storyboard in Resources */,
			);
			runOnlyForDeploymentPostprocessing = 0;
		};
/* End PBXResourcesBuildPhase section */

/* Begin PBXSourcesBuildPhase section */
		1DA3ADDD26C46E3B00A6EC56 /* Sources */ = {
			isa = PBXSourcesBuildPhase;
			buildActionMask = 2147483647;
			files = (
				1DA3AE1426C475F800A6EC56 /* TestableAPI.swift in Sources */,
			);
			runOnlyForDeploymentPostprocessing = 0;
		};
		1DA3ADE626C46E3C00A6EC56 /* Sources */ = {
			isa = PBXSourcesBuildPhase;
			buildActionMask = 2147483647;
			files = (
				1DA3ADF026C46E3C00A6EC56 /* FDTestableLibTests.swift in Sources */,
			);
			runOnlyForDeploymentPostprocessing = 0;
		};
		1DA3ADFB26C46E9400A6EC56 /* Sources */ = {
			isa = PBXSourcesBuildPhase;
			buildActionMask = 2147483647;
			files = (
				1DA3AE0626C46E9400A6EC56 /* ViewController.swift in Sources */,
				1DA3AE0226C46E9400A6EC56 /* AppDelegate.swift in Sources */,
				1DA3AE0426C46E9400A6EC56 /* SceneDelegate.swift in Sources */,
			);
			runOnlyForDeploymentPostprocessing = 0;
		};
/* End PBXSourcesBuildPhase section */

/* Begin PBXTargetDependency section */
		1DA3ADED26C46E3C00A6EC56 /* PBXTargetDependency */ = {
			isa = PBXTargetDependency;
			target = 1DA3ADE026C46E3B00A6EC56 /* FDTestableLib */;
			targetProxy = 1DA3ADEC26C46E3C00A6EC56 /* PBXContainerItemProxy */;
		};
/* End PBXTargetDependency section */

/* Begin PBXVariantGroup section */
		1DA3AE0726C46E9400A6EC56 /* Main.storyboard */ = {
			isa = PBXVariantGroup;
			children = (
				1DA3AE0826C46E9400A6EC56 /* Base */,
			);
			name = Main.storyboard;
			sourceTree = "<group>";
		};
		1DA3AE0C26C46E9A00A6EC56 /* LaunchScreen.storyboard */ = {
			isa = PBXVariantGroup;
			children = (
				1DA3AE0D26C46E9A00A6EC56 /* Base */,
			);
			name = LaunchScreen.storyboard;
			sourceTree = "<group>";
		};
/* End PBXVariantGroup section */

/* Begin XCBuildConfiguration section */
		1DA3ADF326C46E3C00A6EC56 /* Debug */ = {
			isa = XCBuildConfiguration;
			buildSettings = {
				ALWAYS_SEARCH_USER_PATHS = NO;
				CLANG_ANALYZER_NONNULL = YES;
				CLANG_ANALYZER_NUMBER_OBJECT_CONVERSION = YES_AGGRESSIVE;
				CLANG_CXX_LANGUAGE_STANDARD = "gnu++14";
				CLANG_CXX_LIBRARY = "libc++";
				CLANG_ENABLE_MODULES = YES;
				CLANG_ENABLE_OBJC_ARC = YES;
				CLANG_ENABLE_OBJC_WEAK = YES;
				CLANG_WARN_BLOCK_CAPTURE_AUTORELEASING = YES;
				CLANG_WARN_BOOL_CONVERSION = YES;
				CLANG_WARN_COMMA = YES;
				CLANG_WARN_CONSTANT_CONVERSION = YES;
				CLANG_WARN_DEPRECATED_OBJC_IMPLEMENTATIONS = YES;
				CLANG_WARN_DIRECT_OBJC_ISA_USAGE = YES_ERROR;
				CLANG_WARN_DOCUMENTATION_COMMENTS = YES;
				CLANG_WARN_EMPTY_BODY = YES;
				CLANG_WARN_ENUM_CONVERSION = YES;
				CLANG_WARN_INFINITE_RECURSION = YES;
				CLANG_WARN_INT_CONVERSION = YES;
				CLANG_WARN_NON_LITERAL_NULL_CONVERSION = YES;
				CLANG_WARN_OBJC_IMPLICIT_RETAIN_SELF = YES;
				CLANG_WARN_OBJC_LITERAL_CONVERSION = YES;
				CLANG_WARN_OBJC_ROOT_CLASS = YES_ERROR;
				CLANG_WARN_RANGE_LOOP_ANALYSIS = YES;
				CLANG_WARN_STRICT_PROTOTYPES = YES;
				CLANG_WARN_SUSPICIOUS_MOVE = YES;
				CLANG_WARN_UNGUARDED_AVAILABILITY = YES_AGGRESSIVE;
				CLANG_WARN_UNREACHABLE_CODE = YES;
				CLANG_WARN__DUPLICATE_METHOD_MATCH = YES;
				COPY_PHASE_STRIP = NO;
				CURRENT_PROJECT_VERSION = 1;
				DEBUG_INFORMATION_FORMAT = dwarf;
				ENABLE_STRICT_OBJC_MSGSEND = YES;
				ENABLE_TESTABILITY = YES;
				GCC_C_LANGUAGE_STANDARD = gnu11;
				GCC_DYNAMIC_NO_PIC = NO;
				GCC_NO_COMMON_BLOCKS = YES;
				GCC_OPTIMIZATION_LEVEL = 0;
				GCC_PREPROCESSOR_DEFINITIONS = (
					"DEBUG=1",
					"$(inherited)",
				);
				GCC_WARN_64_TO_32_BIT_CONVERSION = YES;
				GCC_WARN_ABOUT_RETURN_TYPE = YES_ERROR;
				GCC_WARN_UNDECLARED_SELECTOR = YES;
				GCC_WARN_UNINITIALIZED_AUTOS = YES_AGGRESSIVE;
				GCC_WARN_UNUSED_FUNCTION = YES;
				GCC_WARN_UNUSED_VARIABLE = YES;
				IPHONEOS_DEPLOYMENT_TARGET = 13.6;
				MTL_ENABLE_DEBUG_INFO = INCLUDE_SOURCE;
				MTL_FAST_MATH = YES;
				ONLY_ACTIVE_ARCH = YES;
				SDKROOT = iphoneos;
				SWIFT_ACTIVE_COMPILATION_CONDITIONS = DEBUG;
				SWIFT_OPTIMIZATION_LEVEL = "-Onone";
				SWIFT_VERSION = 4.2;
				VERSIONING_SYSTEM = "apple-generic";
				VERSION_INFO_PREFIX = "";
			};
			name = Debug;
		};
		1DA3ADF426C46E3C00A6EC56 /* Release */ = {
			isa = XCBuildConfiguration;
			buildSettings = {
				ALWAYS_SEARCH_USER_PATHS = NO;
				CLANG_ANALYZER_NONNULL = YES;
				CLANG_ANALYZER_NUMBER_OBJECT_CONVERSION = YES_AGGRESSIVE;
				CLANG_CXX_LANGUAGE_STANDARD = "gnu++14";
				CLANG_CXX_LIBRARY = "libc++";
				CLANG_ENABLE_MODULES = YES;
				CLANG_ENABLE_OBJC_ARC = YES;
				CLANG_ENABLE_OBJC_WEAK = YES;
				CLANG_WARN_BLOCK_CAPTURE_AUTORELEASING = YES;
				CLANG_WARN_BOOL_CONVERSION = YES;
				CLANG_WARN_COMMA = YES;
				CLANG_WARN_CONSTANT_CONVERSION = YES;
				CLANG_WARN_DEPRECATED_OBJC_IMPLEMENTATIONS = YES;
				CLANG_WARN_DIRECT_OBJC_ISA_USAGE = YES_ERROR;
				CLANG_WARN_DOCUMENTATION_COMMENTS = YES;
				CLANG_WARN_EMPTY_BODY = YES;
				CLANG_WARN_ENUM_CONVERSION = YES;
				CLANG_WARN_INFINITE_RECURSION = YES;
				CLANG_WARN_INT_CONVERSION = YES;
				CLANG_WARN_NON_LITERAL_NULL_CONVERSION = YES;
				CLANG_WARN_OBJC_IMPLICIT_RETAIN_SELF = YES;
				CLANG_WARN_OBJC_LITERAL_CONVERSION = YES;
				CLANG_WARN_OBJC_ROOT_CLASS = YES_ERROR;
				CLANG_WARN_RANGE_LOOP_ANALYSIS = YES;
				CLANG_WARN_STRICT_PROTOTYPES = YES;
				CLANG_WARN_SUSPICIOUS_MOVE = YES;
				CLANG_WARN_UNGUARDED_AVAILABILITY = YES_AGGRESSIVE;
				CLANG_WARN_UNREACHABLE_CODE = YES;
				CLANG_WARN__DUPLICATE_METHOD_MATCH = YES;
				COPY_PHASE_STRIP = NO;
				CURRENT_PROJECT_VERSION = 1;
				DEBUG_INFORMATION_FORMAT = "dwarf-with-dsym";
				ENABLE_NS_ASSERTIONS = NO;
				ENABLE_STRICT_OBJC_MSGSEND = YES;
				GCC_C_LANGUAGE_STANDARD = gnu11;
				GCC_NO_COMMON_BLOCKS = YES;
				GCC_WARN_64_TO_32_BIT_CONVERSION = YES;
				GCC_WARN_ABOUT_RETURN_TYPE = YES_ERROR;
				GCC_WARN_UNDECLARED_SELECTOR = YES;
				GCC_WARN_UNINITIALIZED_AUTOS = YES_AGGRESSIVE;
				GCC_WARN_UNUSED_FUNCTION = YES;
				GCC_WARN_UNUSED_VARIABLE = YES;
				IPHONEOS_DEPLOYMENT_TARGET = 13.6;
				MTL_ENABLE_DEBUG_INFO = NO;
				MTL_FAST_MATH = YES;
				SDKROOT = iphoneos;
				SWIFT_COMPILATION_MODE = wholemodule;
				SWIFT_OPTIMIZATION_LEVEL = "-O";
				SWIFT_VERSION = 4.2;
				VALIDATE_PRODUCT = YES;
				VERSIONING_SYSTEM = "apple-generic";
				VERSION_INFO_PREFIX = "";
			};
			name = Release;
		};
		1DA3ADF626C46E3C00A6EC56 /* Debug */ = {
			isa = XCBuildConfiguration;
			buildSettings = {
				CLANG_ENABLE_MODULES = YES;
				CODE_SIGN_STYLE = Automatic;
				DEFINES_MODULE = YES;
				DEVELOPMENT_TEAM = M3754J9UWF;
				DYLIB_COMPATIBILITY_VERSION = 1;
				DYLIB_CURRENT_VERSION = 1;
				DYLIB_INSTALL_NAME_BASE = "@rpath";
				INFOPLIST_FILE = FDTestableLib/Info.plist;
				INSTALL_PATH = "$(LOCAL_LIBRARY_DIR)/Frameworks";
				LD_RUNPATH_SEARCH_PATHS = (
					"$(inherited)",
					"@executable_path/Frameworks",
					"@loader_path/Frameworks",
				);
				PRODUCT_BUNDLE_IDENTIFIER = com.mycatwalk.FDTestableLib;
				PRODUCT_NAME = "$(TARGET_NAME:c99extidentifier)";
				SKIP_INSTALL = YES;
				SUPPORTS_MACCATALYST = NO;
				SWIFT_OPTIMIZATION_LEVEL = "-Onone";
				SWIFT_VERSION = 5.0;
				TARGETED_DEVICE_FAMILY = "1,2";
			};
			name = Debug;
		};
		1DA3ADF726C46E3C00A6EC56 /* Release */ = {
			isa = XCBuildConfiguration;
			buildSettings = {
				CLANG_ENABLE_MODULES = YES;
				CODE_SIGN_STYLE = Automatic;
				DEFINES_MODULE = YES;
				DEVELOPMENT_TEAM = M3754J9UWF;
				DYLIB_COMPATIBILITY_VERSION = 1;
				DYLIB_CURRENT_VERSION = 1;
				DYLIB_INSTALL_NAME_BASE = "@rpath";
				INFOPLIST_FILE = FDTestableLib/Info.plist;
				INSTALL_PATH = "$(LOCAL_LIBRARY_DIR)/Frameworks";
				LD_RUNPATH_SEARCH_PATHS = (
					"$(inherited)",
					"@executable_path/Frameworks",
					"@loader_path/Frameworks",
				);
				PRODUCT_BUNDLE_IDENTIFIER = com.mycatwalk.FDTestableLib;
				PRODUCT_NAME = "$(TARGET_NAME:c99extidentifier)";
				SKIP_INSTALL = YES;
				SUPPORTS_MACCATALYST = NO;
				SWIFT_VERSION = 5.0;
				TARGETED_DEVICE_FAMILY = "1,2";
			};
			name = Release;
		};
		1DA3ADF926C46E3C00A6EC56 /* Debug */ = {
			isa = XCBuildConfiguration;
			buildSettings = {
				ALWAYS_EMBED_SWIFT_STANDARD_LIBRARIES = YES;
				CODE_SIGN_STYLE = Automatic;
				DEVELOPMENT_TEAM = M3754J9UWF;
				INFOPLIST_FILE = FDTestableLibTests/Info.plist;
				LD_RUNPATH_SEARCH_PATHS = (
					"$(inherited)",
					"@executable_path/Frameworks",
					"@loader_path/Frameworks",
				);
				PRODUCT_BUNDLE_IDENTIFIER = com.mycatwalk.FDTestableLibTests;
				PRODUCT_NAME = "$(TARGET_NAME)";
				SWIFT_VERSION = 5.0;
				TARGETED_DEVICE_FAMILY = "1,2";
			};
			name = Debug;
		};
		1DA3ADFA26C46E3C00A6EC56 /* Release */ = {
			isa = XCBuildConfiguration;
			buildSettings = {
				ALWAYS_EMBED_SWIFT_STANDARD_LIBRARIES = YES;
				CODE_SIGN_STYLE = Automatic;
				DEVELOPMENT_TEAM = M3754J9UWF;
				INFOPLIST_FILE = FDTestableLibTests/Info.plist;
				LD_RUNPATH_SEARCH_PATHS = (
					"$(inherited)",
					"@executable_path/Frameworks",
					"@loader_path/Frameworks",
				);
				PRODUCT_BUNDLE_IDENTIFIER = com.mycatwalk.FDTestableLibTests;
				PRODUCT_NAME = "$(TARGET_NAME)";
				SWIFT_VERSION = 5.0;
				TARGETED_DEVICE_FAMILY = "1,2";
			};
			name = Release;
		};
		1DA3AE1126C46E9A00A6EC56 /* Debug */ = {
			isa = XCBuildConfiguration;
			buildSettings = {
				ASSETCATALOG_COMPILER_APPICON_NAME = AppIcon;
				CODE_SIGN_STYLE = Automatic;
				DEVELOPMENT_TEAM = M3754J9UWF;
				INFOPLIST_FILE = FDTestableLibExamples/Info.plist;
				LD_RUNPATH_SEARCH_PATHS = (
					"$(inherited)",
					"@executable_path/Frameworks",
				);
				PRODUCT_BUNDLE_IDENTIFIER = com.mycatwalk.FDTestableLibExamples;
				PRODUCT_NAME = "$(TARGET_NAME)";
				SWIFT_VERSION = 5.0;
				TARGETED_DEVICE_FAMILY = "1,2";
			};
			name = Debug;
		};
		1DA3AE1226C46E9A00A6EC56 /* Release */ = {
			isa = XCBuildConfiguration;
			buildSettings = {
				ASSETCATALOG_COMPILER_APPICON_NAME = AppIcon;
				CODE_SIGN_STYLE = Automatic;
				DEVELOPMENT_TEAM = M3754J9UWF;
				INFOPLIST_FILE = FDTestableLibExamples/Info.plist;
				LD_RUNPATH_SEARCH_PATHS = (
					"$(inherited)",
					"@executable_path/Frameworks",
				);
				PRODUCT_BUNDLE_IDENTIFIER = com.mycatwalk.FDTestableLibExamples;
				PRODUCT_NAME = "$(TARGET_NAME)";
				SWIFT_VERSION = 5.0;
				TARGETED_DEVICE_FAMILY = "1,2";
			};
			name = Release;
		};
/* End XCBuildConfiguration section */

/* Begin XCConfigurationList section */
		1DA3ADDB26C46E3B00A6EC56 /* Build configuration list for PBXProject "FDTestableLib" */ = {
			isa = XCConfigurationList;
			buildConfigurations = (
				1DA3ADF326C46E3C00A6EC56 /* Debug */,
				1DA3ADF426C46E3C00A6EC56 /* Release */,
			);
			defaultConfigurationIsVisible = 0;
			defaultConfigurationName = Release;
		};
		1DA3ADF526C46E3C00A6EC56 /* Build configuration list for PBXNativeTarget "FDTestableLib" */ = {
			isa = XCConfigurationList;
			buildConfigurations = (
				1DA3ADF626C46E3C00A6EC56 /* Debug */,
				1DA3ADF726C46E3C00A6EC56 /* Release */,
			);
			defaultConfigurationIsVisible = 0;
			defaultConfigurationName = Release;
		};
		1DA3ADF826C46E3C00A6EC56 /* Build configuration list for PBXNativeTarget "FDTestableLibTests" */ = {
			isa = XCConfigurationList;
			buildConfigurations = (
				1DA3ADF926C46E3C00A6EC56 /* Debug */,
				1DA3ADFA26C46E3C00A6EC56 /* Release */,
			);
			defaultConfigurationIsVisible = 0;
			defaultConfigurationName = Release;
		};
		1DA3AE1026C46E9A00A6EC56 /* Build configuration list for PBXNativeTarget "FDTestableLibExamples" */ = {
			isa = XCConfigurationList;
			buildConfigurations = (
				1DA3AE1126C46E9A00A6EC56 /* Debug */,
				1DA3AE1226C46E9A00A6EC56 /* Release */,
			);
			defaultConfigurationIsVisible = 0;
			defaultConfigurationName = Release;
		};
/* End XCConfigurationList section */
	};
	rootObject = 1DA3ADD826C46E3B00A6EC56 /* Project object */;
}
